{
  "nodes": {
    "bing-wallpaper-server": {
      "inputs": {
        "flake-compat": "flake-compat",
        "flake-utils": "flake-utils",
        "nixpkgs": [
          "nixpkgs"
        ]
      },
      "locked": {
        "lastModified": 1718097224,
        "narHash": "sha256-AurLLNpQY2F9YNoVDeYGQpKWE3fs7NS6yvT48vrYGKM=",
        "owner": "TadoTheMiner",
        "repo": "bing-wallpaper-server",
        "rev": "7d2145b588cf996470678d76ce7974d00d5eb8a7",
        "type": "github"
      },
      "original": {
        "owner": "TadoTheMiner",
        "repo": "bing-wallpaper-server",
        "type": "github"
      }
    },
    "catppuccin": {
      "locked": {
        "lastModified": 1723691425,
        "narHash": "sha256-F25VvHFMaqr26b7goaVWspXaK6XTRFz8RnILV+9OPkk=",
        "owner": "catppuccin",
        "repo": "nix",
        "rev": "552056779a136092eb6358c573d925630172fc30",
        "type": "github"
      },
      "original": {
        "owner": "catppuccin",
        "repo": "nix",
        "type": "github"
      }
    },
    "catppuccin-discord": {
      "flake": false,
      "locked": {
        "narHash": "sha256-NCKw0ynGhEXHNUVFwJYRvZvCvIlssTtLg6zFw0Fyg34=",
        "type": "file",
        "url": "https://catppuccin.github.io/discord/dist/catppuccin-mocha-lavender.theme.css"
      },
      "original": {
        "type": "file",
        "url": "https://catppuccin.github.io/discord/dist/catppuccin-mocha-lavender.theme.css"
      }
    },
    "crane": {
      "inputs": {
        "nixpkgs": [
          "zjstatus",
          "nixpkgs"
        ]
      },
      "locked": {
        "lastModified": 1722960479,
        "narHash": "sha256-NhCkJJQhD5GUib8zN9JrmYGMwt4lCRp6ZVNzIiYCl0Y=",
        "owner": "ipetkov",
        "repo": "crane",
        "rev": "4c6c77920b8d44cd6660c1621dea6b3fc4b4c4f4",
        "type": "github"
      },
      "original": {
        "owner": "ipetkov",
        "repo": "crane",
        "type": "github"
      }
    },
    "flake-compat": {
      "flake": false,
      "locked": {
        "lastModified": 1696426674,
        "narHash": "sha256-kvjfFW7WAETZlt09AgDn1MrtKzP7t90Vf7vypd3OL1U=",
        "owner": "edolstra",
        "repo": "flake-compat",
        "rev": "0f9255e01c2351cc7d116c072cb317785dd33b33",
        "type": "github"
      },
      "original": {
        "owner": "edolstra",
        "repo": "flake-compat",
        "type": "github"
      }
    },
    "flake-utils": {
      "inputs": {
        "systems": "systems"
      },
      "locked": {
        "lastModified": 1710146030,
        "narHash": "sha256-SZ5L6eA7HJ/nmkzGG7/ISclqe6oZdOZTNoesiInkXPQ=",
        "owner": "numtide",
        "repo": "flake-utils",
        "rev": "b1d9ab70662946ef0850d488da1c9019f3a9752a",
        "type": "github"
      },
      "original": {
        "owner": "numtide",
        "repo": "flake-utils",
        "type": "github"
      }
    },
    "flake-utils_2": {
      "inputs": {
        "systems": "systems_2"
      },
      "locked": {
        "lastModified": 1710146030,
        "narHash": "sha256-SZ5L6eA7HJ/nmkzGG7/ISclqe6oZdOZTNoesiInkXPQ=",
        "owner": "numtide",
        "repo": "flake-utils",
        "rev": "b1d9ab70662946ef0850d488da1c9019f3a9752a",
        "type": "github"
      },
      "original": {
        "owner": "numtide",
        "repo": "flake-utils",
        "type": "github"
      }
    },
    "home-manager": {
      "inputs": {
        "nixpkgs": [
          "nixpkgs"
        ]
      },
      "locked": {
        "lastModified": 1720042825,
        "narHash": "sha256-A0vrUB6x82/jvf17qPCpxaM+ulJnD8YZwH9Ci0BsAzE=",
        "owner": "nix-community",
        "repo": "home-manager",
        "rev": "e1391fb22e18a36f57e6999c7a9f966dc80ac073",
        "type": "github"
      },
      "original": {
        "owner": "nix-community",
        "ref": "release-24.05",
        "repo": "home-manager",
        "type": "github"
      }
    },
    "nixpkgs": {
      "locked": {
        "lastModified": 1723688146,
        "narHash": "sha256-sqLwJcHYeWLOeP/XoLwAtYjr01TISlkOfz+NG82pbdg=",
        "owner": "NixOS",
        "repo": "nixpkgs",
        "rev": "c3d4ac725177c030b1e289015989da2ad9d56af0",
        "type": "github"
      },
      "original": {
        "owner": "NixOS",
        "ref": "nixos-24.05",
        "repo": "nixpkgs",
        "type": "github"
      }
    },
    "root": {
      "inputs": {
        "bing-wallpaper-server": "bing-wallpaper-server",
        "catppuccin": "catppuccin",
        "catppuccin-discord": "catppuccin-discord",
        "home-manager": "home-manager",
        "nixpkgs": "nixpkgs",
        "zjstatus": "zjstatus"
      }
    },
    "rust-overlay": {
      "inputs": {
        "nixpkgs": [
          "zjstatus",
          "nixpkgs"
        ]
      },
      "locked": {
        "lastModified": 1723774846,
        "narHash": "sha256-m53hVat6XXiKooV1oUDEMnPcdNKqSn/kAW+g8juSq84=",
        "owner": "oxalica",
        "repo": "rust-overlay",
        "rev": "519f4892641bc04a6ac7c2d260cc68356f9ae90f",
        "type": "github"
      },
      "original": {
        "owner": "oxalica",
        "repo": "rust-overlay",
        "type": "github"
      }
    },
    "systems": {
      "locked": {
        "lastModified": 1681028828,
        "narHash": "sha256-Vy1rq5AaRuLzOxct8nz4T6wlgyUR7zLU309k9mBC768=",
        "owner": "nix-systems",
        "repo": "default",
        "rev": "da67096a3b9bf56a91d16901293e51ba5b49a27e",
        "type": "github"
      },
      "original": {
        "owner": "nix-systems",
        "repo": "default",
        "type": "github"
      }
    },
    "systems_2": {
      "locked": {
        "lastModified": 1681028828,
        "narHash": "sha256-Vy1rq5AaRuLzOxct8nz4T6wlgyUR7zLU309k9mBC768=",
        "owner": "nix-systems",
        "repo": "default",
        "rev": "da67096a3b9bf56a91d16901293e51ba5b49a27e",
        "type": "github"
      },
      "original": {
        "owner": "nix-systems",
        "repo": "default",
        "type": "github"
      }
    },
    "zjstatus": {
      "inputs": {
        "crane": "crane",
        "flake-utils": "flake-utils_2",
        "nixpkgs": [
          "nixpkgs"
        ],
        "rust-overlay": "rust-overlay"
      },
      "locked": {
        "lastModified": 1723818372,
        "narHash": "sha256-dxRAONapqZRIlNfDyh/RVh011pdklBEDr92OsJizkAA=",
        "owner": "dj95",
        "repo": "zjstatus",
        "rev": "671e0d12737cd8b269ca4408cfc67295ad3760b7",
        "type": "github"
      },
      "original": {
        "owner": "dj95",
        "repo": "zjstatus",
        "type": "github"
      }
    }
  },
  "root": "root",
  "version": 7
}
